
Microsoft Visual Studio Solution File, Format Version 12.00
# Visual Studio Version 16
VisualStudioVersion = 16.0.32413.511
MinimumVisualStudioVersion = 10.0.40219.1
Project("{FAE04EC0-301F-11D3-BF4B-00C04F79EFBC}") = "WebTraSua", "WebTraSua\WebTraSua.csproj", "{20CBE0B1-0F65-496E-A233-F0FBB2EBCD72}"
EndProject
Global
	GlobalSection(SolutionConfigurationPlatforms) = preSolution
		Debug|Any CPU = Debug|Any CPU
		Release|Any CPU = Release|Any CPU
	EndGlobalSection
	GlobalSection(ProjectConfigurationPlatforms) = postSolution
		{20CBE0B1-0F65-496E-A233-F0FBB2EBCD72}.Debug|Any CPU.ActiveCfg = Debug|Any CPU
		{20CBE0B1-0F65-496E-A233-F0FBB2EBCD72}.Debug|Any CPU.Build.0 = Debug|Any CPU
		{20CBE0B1-0F65-496E-A233-F0FBB2EBCD72}.Release|Any CPU.ActiveCfg = Release|Any CPU
		{20CBE0B1-0F65-496E-A233-F0FBB2EBCD72}.Release|Any CPU.Build.0 = Release|Any CPU
	EndGlobalSection
	GlobalSection(SolutionProperties) = preSolution
		HideSolutionNode = FALSE
	EndGlobalSection
	GlobalSection(ExtensibilityGlobals) = postSolution
		SolutionGuid = {CC89C353-2B78-4474-9E0A-35174E2B1E04}
	EndGlobalSection
EndGlobal
